uuid: acf67126-60f1-4b72-b60c-bf9e8d8325cf
langcode: en
status: true
dependencies:
  module:
    - general
  theme:
    - acas
id: footernavigationblock
theme: acas
region: footer
weight: 0
provider: null
plugin: footer_navigation_block
settings:
  id: footer_navigation_block
  label: 'Footer Navigation block'
  provider: general
  label_display: '0'
visibility: {  }
