uuid: 1e7ef692-7844-41a2-bc05-90ed7cd12c7d
langcode: en
status: true
dependencies:
  module:
    - ctools
    - general
    - node
  theme:
    - acas
id: landingpagesblock
theme: acas
region: content
weight: -2
provider: null
plugin: landing_pages_block
settings:
  id: landing_pages_block
  label: 'Landing Pages block'
  provider: general
  label_display: '0'
visibility:
  'entity_bundle:node':
    id: 'entity_bundle:node'
    bundles:
      landing_page: landing_page
    negate: false
    context_mapping:
      node: '@node.node_route_context:node'
  node_type:
    id: node_type
    bundles:
      landing_page: landing_page
    negate: false
    context_mapping:
      node: '@node.node_route_context:node'
