uuid: fbd5bd38-3d09-40bf-9837-67f17fc4eb68
langcode: en
status: true
dependencies:
  module:
    - node
    - social_media
  theme:
    - acas
id: socialsharingblock
theme: acas
region: content
weight: 0
provider: null
plugin: social_sharing_block
settings:
  id: social_sharing_block
  label: 'Social Sharing block'
  provider: social_media
  label_display: '0'
visibility:
  node_type:
    id: node_type
    bundles:
      details_page: details_page
      support_page: support_page
    negate: false
    context_mapping:
      node: '@node.node_route_context:node'
