uuid: 9c6f1ba9-571f-4c86-b97c-ea86c84cedcb
langcode: en
status: false
dependencies:
  config:
    - views.view.google_analytics_reports_page
  module:
    - views
  theme:
    - acas
id: views_block__google_analytics_reports_page_block
theme: acas
region: content
weight: 1
provider: null
plugin: 'views_block:google_analytics_reports_page-block'
settings:
  id: 'views_block:google_analytics_reports_page-block'
  label: ''
  provider: views
  label_display: visible
  views_label: ''
  items_per_page: none
visibility: {  }
